
Microsoft Visual Studio Solution File, Format Version 12.00
# Visual Studio Version 17
VisualStudioVersion = 17.4.33122.133
MinimumVisualStudioVersion = 10.0.40219.1
Project("{9A19103F-16F7-4668-BE54-9A1E7A4F7556}") = "SampleReverseProxy", "SampleReverseProxy\SampleReverseProxy.csproj", "{EDB60CFA-FFFD-4119-9D20-22AB16199967}"
EndProject
Project("{9A19103F-16F7-4668-BE54-9A1E7A4F7556}") = "SampleReverseProxy.Server", "SampleReverseProxy.Server\SampleReverseProxy.Server.csproj", "{417D51BD-8911-46DF-AC79-9B879DC67F4D}"
EndProject
Project("{9A19103F-16F7-4668-BE54-9A1E7A4F7556}") = "SampleReverseProxy.Client", "SampleReverseProxy.Client\SampleReverseProxy.Client.csproj", "{8598703C-A942-4223-9DCD-4198D3C6630D}"
EndProject
Project("{9A19103F-16F7-4668-BE54-9A1E7A4F7556}") = "SampleReverseProxy.Client2", "SampleReverseProxy.Client2\SampleReverseProxy.Client2.csproj", "{3EB28684-DE47-49ED-9BDB-537525B2798B}"
EndProject
Project("{9A19103F-16F7-4668-BE54-9A1E7A4F7556}") = "SampleReverseProxy.Server2", "SampleReverseProxy.Server2\SampleReverseProxy.Server2.csproj", "{EE4F350E-0639-4552-9F5C-715272584A6D}"
EndProject
Project("{FAE04EC0-301F-11D3-BF4B-00C04F79EFBC}") = "SampleReverseProxy.Server3", "SampleReverseProxy.Server3\SampleReverseProxy.Server3.csproj", "{08F13A54-BA38-4B3B-A281-725A43CE728E}"
EndProject
Project("{FAE04EC0-301F-11D3-BF4B-00C04F79EFBC}") = "SampleReverseProxy.Client3", "SampleReverseProxy.Client3\SampleReverseProxy.Client3.csproj", "{10B157ED-FF57-4698-A189-30922673408E}"
EndProject
Global
	GlobalSection(SolutionConfigurationPlatforms) = preSolution
		Debug|Any CPU = Debug|Any CPU
		Release|Any CPU = Release|Any CPU
	EndGlobalSection
	GlobalSection(ProjectConfigurationPlatforms) = postSolution
		{EDB60CFA-FFFD-4119-9D20-22AB16199967}.Debug|Any CPU.ActiveCfg = Debug|Any CPU
		{EDB60CFA-FFFD-4119-9D20-22AB16199967}.Debug|Any CPU.Build.0 = Debug|Any CPU
		{EDB60CFA-FFFD-4119-9D20-22AB16199967}.Release|Any CPU.ActiveCfg = Release|Any CPU
		{EDB60CFA-FFFD-4119-9D20-22AB16199967}.Release|Any CPU.Build.0 = Release|Any CPU
		{417D51BD-8911-46DF-AC79-9B879DC67F4D}.Debug|Any CPU.ActiveCfg = Debug|Any CPU
		{417D51BD-8911-46DF-AC79-9B879DC67F4D}.Debug|Any CPU.Build.0 = Debug|Any CPU
		{417D51BD-8911-46DF-AC79-9B879DC67F4D}.Release|Any CPU.ActiveCfg = Release|Any CPU
		{417D51BD-8911-46DF-AC79-9B879DC67F4D}.Release|Any CPU.Build.0 = Release|Any CPU
		{8598703C-A942-4223-9DCD-4198D3C6630D}.Debug|Any CPU.ActiveCfg = Debug|Any CPU
		{8598703C-A942-4223-9DCD-4198D3C6630D}.Debug|Any CPU.Build.0 = Debug|Any CPU
		{8598703C-A942-4223-9DCD-4198D3C6630D}.Release|Any CPU.ActiveCfg = Release|Any CPU
		{8598703C-A942-4223-9DCD-4198D3C6630D}.Release|Any CPU.Build.0 = Release|Any CPU
		{3EB28684-DE47-49ED-9BDB-537525B2798B}.Debug|Any CPU.ActiveCfg = Debug|Any CPU
		{3EB28684-DE47-49ED-9BDB-537525B2798B}.Debug|Any CPU.Build.0 = Debug|Any CPU
		{3EB28684-DE47-49ED-9BDB-537525B2798B}.Release|Any CPU.ActiveCfg = Release|Any CPU
		{3EB28684-DE47-49ED-9BDB-537525B2798B}.Release|Any CPU.Build.0 = Release|Any CPU
		{EE4F350E-0639-4552-9F5C-715272584A6D}.Debug|Any CPU.ActiveCfg = Debug|Any CPU
		{EE4F350E-0639-4552-9F5C-715272584A6D}.Debug|Any CPU.Build.0 = Debug|Any CPU
		{EE4F350E-0639-4552-9F5C-715272584A6D}.Release|Any CPU.ActiveCfg = Release|Any CPU
		{EE4F350E-0639-4552-9F5C-715272584A6D}.Release|Any CPU.Build.0 = Release|Any CPU
		{08F13A54-BA38-4B3B-A281-725A43CE728E}.Debug|Any CPU.ActiveCfg = Debug|Any CPU
		{08F13A54-BA38-4B3B-A281-725A43CE728E}.Debug|Any CPU.Build.0 = Debug|Any CPU
		{08F13A54-BA38-4B3B-A281-725A43CE728E}.Release|Any CPU.ActiveCfg = Release|Any CPU
		{08F13A54-BA38-4B3B-A281-725A43CE728E}.Release|Any CPU.Build.0 = Release|Any CPU
		{10B157ED-FF57-4698-A189-30922673408E}.Debug|Any CPU.ActiveCfg = Debug|Any CPU
		{10B157ED-FF57-4698-A189-30922673408E}.Debug|Any CPU.Build.0 = Debug|Any CPU
		{10B157ED-FF57-4698-A189-30922673408E}.Release|Any CPU.ActiveCfg = Release|Any CPU
		{10B157ED-FF57-4698-A189-30922673408E}.Release|Any CPU.Build.0 = Release|Any CPU
	EndGlobalSection
	GlobalSection(SolutionProperties) = preSolution
		HideSolutionNode = FALSE
	EndGlobalSection
	GlobalSection(ExtensibilityGlobals) = postSolution
		SolutionGuid = {3CD38E53-5192-4E6F-A85D-5789C4D907BC}
	EndGlobalSection
EndGlobal
